
Microsoft Visual Studio Solution File, Format Version 12.00
# Visual Studio 15
VisualStudioVersion = 15.0.28010.2026
MinimumVisualStudioVersion = 10.0.40219.1
Project("{FAE04EC0-301F-11D3-BF4B-00C04F79EFBC}") = "App01_ConsultarCEP.Android", "App01_ConsultarCEP\App01_ConsultarCEP.Android\App01_ConsultarCEP.Android.csproj", "{ACBBB2B8-35B7-435C-9CF8-161C55EF5AF8}"
EndProject
Project("{FAE04EC0-301F-11D3-BF4B-00C04F79EFBC}") = "App01_ConsultarCEP.iOS", "App01_ConsultarCEP\App01_ConsultarCEP.iOS\App01_ConsultarCEP.iOS.csproj", "{23264ABB-BEF8-42BE-8EFF-90A4C750B478}"
EndProject
Project("{FAE04EC0-301F-11D3-BF4B-00C04F79EFBC}") = "App01_ConsultarCEP", "App01_ConsultarCEP\App01_ConsultarCEP\App01_ConsultarCEP.csproj", "{2D16E7A5-06A1-4CCA-96E7-CA5BB2372586}"
EndProject
Global
	GlobalSection(SolutionConfigurationPlatforms) = preSolution
		Ad-Hoc|Any CPU = Ad-Hoc|Any CPU
		Ad-Hoc|iPhone = Ad-Hoc|iPhone
		Ad-Hoc|iPhoneSimulator = Ad-Hoc|iPhoneSimulator
		AppStore|Any CPU = AppStore|Any CPU
		AppStore|iPhone = AppStore|iPhone
		AppStore|iPhoneSimulator = AppStore|iPhoneSimulator
		Debug|Any CPU = Debug|Any CPU
		Debug|iPhone = Debug|iPhone
		Debug|iPhoneSimulator = Debug|iPhoneSimulator
		Release|Any CPU = Release|Any CPU
		Release|iPhone = Release|iPhone
		Release|iPhoneSimulator = Release|iPhoneSimulator
	EndGlobalSection
	GlobalSection(ProjectConfigurationPlatforms) = postSolution
		{ACBBB2B8-35B7-435C-9CF8-161C55EF5AF8}.Ad-Hoc|Any CPU.ActiveCfg = Release|Any CPU
		{ACBBB2B8-35B7-435C-9CF8-161C55EF5AF8}.Ad-Hoc|Any CPU.Build.0 = Release|Any CPU
		{ACBBB2B8-35B7-435C-9CF8-161C55EF5AF8}.Ad-Hoc|Any CPU.Deploy.0 = Release|Any CPU
		{ACBBB2B8-35B7-435C-9CF8-161C55EF5AF8}.Ad-Hoc|iPhone.ActiveCfg = Release|Any CPU
		{ACBBB2B8-35B7-435C-9CF8-161C55EF5AF8}.Ad-Hoc|iPhone.Build.0 = Release|Any CPU
		{ACBBB2B8-35B7-435C-9CF8-161C55EF5AF8}.Ad-Hoc|iPhone.Deploy.0 = Release|Any CPU
		{ACBBB2B8-35B7-435C-9CF8-161C55EF5AF8}.Ad-Hoc|iPhoneSimulator.ActiveCfg = Release|Any CPU
		{ACBBB2B8-35B7-435C-9CF8-161C55EF5AF8}.Ad-Hoc|iPhoneSimulator.Build.0 = Release|Any CPU
		{ACBBB2B8-35B7-435C-9CF8-161C55EF5AF8}.Ad-Hoc|iPhoneSimulator.Deploy.0 = Release|Any CPU
		{ACBBB2B8-35B7-435C-9CF8-161C55EF5AF8}.AppStore|Any CPU.ActiveCfg = Release|Any CPU
		{ACBBB2B8-35B7-435C-9CF8-161C55EF5AF8}.AppStore|Any CPU.Build.0 = Release|Any CPU
		{ACBBB2B8-35B7-435C-9CF8-161C55EF5AF8}.AppStore|Any CPU.Deploy.0 = Release|Any CPU
		{ACBBB2B8-35B7-435C-9CF8-161C55EF5AF8}.AppStore|iPhone.ActiveCfg = Release|Any CPU
		{ACBBB2B8-35B7-435C-9CF8-161C55EF5AF8}.AppStore|iPhone.Build.0 = Release|Any CPU
		{ACBBB2B8-35B7-435C-9CF8-161C55EF5AF8}.AppStore|iPhone.Deploy.0 = Release|Any CPU
		{ACBBB2B8-35B7-435C-9CF8-161C55EF5AF8}.AppStore|iPhoneSimulator.ActiveCfg = Release|Any CPU
		{ACBBB2B8-35B7-435C-9CF8-161C55EF5AF8}.AppStore|iPhoneSimulator.Build.0 = Release|Any CPU
		{ACBBB2B8-35B7-435C-9CF8-161C55EF5AF8}.AppStore|iPhoneSimulator.Deploy.0 = Release|Any CPU
		{ACBBB2B8-35B7-435C-9CF8-161C55EF5AF8}.Debug|Any CPU.ActiveCfg = Debug|Any CPU
		{ACBBB2B8-35B7-435C-9CF8-161C55EF5AF8}.Debug|Any CPU.Build.0 = Debug|Any CPU
		{ACBBB2B8-35B7-435C-9CF8-161C55EF5AF8}.Debug|Any CPU.Deploy.0 = Debug|Any CPU
		{ACBBB2B8-35B7-435C-9CF8-161C55EF5AF8}.Debug|iPhone.ActiveCfg = Debug|Any CPU
		{ACBBB2B8-35B7-435C-9CF8-161C55EF5AF8}.Debug|iPhone.Build.0 = Debug|Any CPU
		{ACBBB2B8-35B7-435C-9CF8-161C55EF5AF8}.Debug|iPhone.Deploy.0 = Debug|Any CPU
		{ACBBB2B8-35B7-435C-9CF8-161C55EF5AF8}.Debug|iPhoneSimulator.ActiveCfg = Debug|Any CPU
		{ACBBB2B8-35B7-435C-9CF8-161C55EF5AF8}.Debug|iPhoneSimulator.Build.0 = Debug|Any CPU
		{ACBBB2B8-35B7-435C-9CF8-161C55EF5AF8}.Debug|iPhoneSimulator.Deploy.0 = Debug|Any CPU
		{ACBBB2B8-35B7-435C-9CF8-161C55EF5AF8}.Release|Any CPU.ActiveCfg = Release|Any CPU
		{ACBBB2B8-35B7-435C-9CF8-161C55EF5AF8}.Release|Any CPU.Build.0 = Release|Any CPU
		{ACBBB2B8-35B7-435C-9CF8-161C55EF5AF8}.Release|Any CPU.Deploy.0 = Release|Any CPU
		{ACBBB2B8-35B7-435C-9CF8-161C55EF5AF8}.Release|iPhone.ActiveCfg = Release|Any CPU
		{ACBBB2B8-35B7-435C-9CF8-161C55EF5AF8}.Release|iPhone.Build.0 = Release|Any CPU
		{ACBBB2B8-35B7-435C-9CF8-161C55EF5AF8}.Release|iPhone.Deploy.0 = Release|Any CPU
		{ACBBB2B8-35B7-435C-9CF8-161C55EF5AF8}.Release|iPhoneSimulator.ActiveCfg = Release|Any CPU
		{ACBBB2B8-35B7-435C-9CF8-161C55EF5AF8}.Release|iPhoneSimulator.Build.0 = Release|Any CPU
		{ACBBB2B8-35B7-435C-9CF8-161C55EF5AF8}.Release|iPhoneSimulator.Deploy.0 = Release|Any CPU
		{23264ABB-BEF8-42BE-8EFF-90A4C750B478}.Ad-Hoc|Any CPU.ActiveCfg = Ad-Hoc|iPhone
		{23264ABB-BEF8-42BE-8EFF-90A4C750B478}.Ad-Hoc|Any CPU.Build.0 = Ad-Hoc|iPhone
		{23264ABB-BEF8-42BE-8EFF-90A4C750B478}.Ad-Hoc|Any CPU.Deploy.0 = Ad-Hoc|iPhone
		{23264ABB-BEF8-42BE-8EFF-90A4C750B478}.Ad-Hoc|iPhone.ActiveCfg = Ad-Hoc|iPhone
		{23264ABB-BEF8-42BE-8EFF-90A4C750B478}.Ad-Hoc|iPhone.Build.0 = Ad-Hoc|iPhone
		{23264ABB-BEF8-42BE-8EFF-90A4C750B478}.Ad-Hoc|iPhone.Deploy.0 = Ad-Hoc|iPhone
		{23264ABB-BEF8-42BE-8EFF-90A4C750B478}.Ad-Hoc|iPhoneSimulator.ActiveCfg = Ad-Hoc|iPhoneSimulator
		{23264ABB-BEF8-42BE-8EFF-90A4C750B478}.Ad-Hoc|iPhoneSimulator.Build.0 = Ad-Hoc|iPhoneSimulator
		{23264ABB-BEF8-42BE-8EFF-90A4C750B478}.Ad-Hoc|iPhoneSimulator.Deploy.0 = Ad-Hoc|iPhoneSimulator
		{23264ABB-BEF8-42BE-8EFF-90A4C750B478}.AppStore|Any CPU.ActiveCfg = AppStore|iPhone
		{23264ABB-BEF8-42BE-8EFF-90A4C750B478}.AppStore|Any CPU.Build.0 = AppStore|iPhone
		{23264ABB-BEF8-42BE-8EFF-90A4C750B478}.AppStore|Any CPU.Deploy.0 = AppStore|iPhone
		{23264ABB-BEF8-42BE-8EFF-90A4C750B478}.AppStore|iPhone.ActiveCfg = AppStore|iPhone
		{23264ABB-BEF8-42BE-8EFF-90A4C750B478}.AppStore|iPhone.Build.0 = AppStore|iPhone
		{23264ABB-BEF8-42BE-8EFF-90A4C750B478}.AppStore|iPhone.Deploy.0 = AppStore|iPhone
		{23264ABB-BEF8-42BE-8EFF-90A4C750B478}.AppStore|iPhoneSimulator.ActiveCfg = AppStore|iPhoneSimulator
		{23264ABB-BEF8-42BE-8EFF-90A4C750B478}.AppStore|iPhoneSimulator.Build.0 = AppStore|iPhoneSimulator
		{23264ABB-BEF8-42BE-8EFF-90A4C750B478}.AppStore|iPhoneSimulator.Deploy.0 = AppStore|iPhoneSimulator
		{23264ABB-BEF8-42BE-8EFF-90A4C750B478}.Debug|Any CPU.ActiveCfg = Debug|iPhoneSimulator
		{23264ABB-BEF8-42BE-8EFF-90A4C750B478}.Debug|Any CPU.Build.0 = Debug|iPhoneSimulator
		{23264ABB-BEF8-42BE-8EFF-90A4C750B478}.Debug|Any CPU.Deploy.0 = Debug|iPhoneSimulator
		{23264ABB-BEF8-42BE-8EFF-90A4C750B478}.Debug|iPhone.ActiveCfg = Debug|iPhone
		{23264ABB-BEF8-42BE-8EFF-90A4C750B478}.Debug|iPhone.Build.0 = Debug|iPhone
		{23264ABB-BEF8-42BE-8EFF-90A4C750B478}.Debug|iPhone.Deploy.0 = Debug|iPhone
		{23264ABB-BEF8-42BE-8EFF-90A4C750B478}.Debug|iPhoneSimulator.ActiveCfg = Debug|iPhoneSimulator
		{23264ABB-BEF8-42BE-8EFF-90A4C750B478}.Debug|iPhoneSimulator.Build.0 = Debug|iPhoneSimulator
		{23264ABB-BEF8-42BE-8EFF-90A4C750B478}.Debug|iPhoneSimulator.Deploy.0 = Debug|iPhoneSimulator
		{23264ABB-BEF8-42BE-8EFF-90A4C750B478}.Release|Any CPU.ActiveCfg = Release|iPhone
		{23264ABB-BEF8-42BE-8EFF-90A4C750B478}.Release|Any CPU.Build.0 = Release|iPhone
		{23264ABB-BEF8-42BE-8EFF-90A4C750B478}.Release|Any CPU.Deploy.0 = Release|iPhone
		{23264ABB-BEF8-42BE-8EFF-90A4C750B478}.Release|iPhone.ActiveCfg = Release|iPhone
		{23264ABB-BEF8-42BE-8EFF-90A4C750B478}.Release|iPhone.Build.0 = Release|iPhone
		{23264ABB-BEF8-42BE-8EFF-90A4C750B478}.Release|iPhone.Deploy.0 = Release|iPhone
		{23264ABB-BEF8-42BE-8EFF-90A4C750B478}.Release|iPhoneSimulator.ActiveCfg = Release|iPhoneSimulator
		{23264ABB-BEF8-42BE-8EFF-90A4C750B478}.Release|iPhoneSimulator.Build.0 = Release|iPhoneSimulator
		{23264ABB-BEF8-42BE-8EFF-90A4C750B478}.Release|iPhoneSimulator.Deploy.0 = Release|iPhoneSimulator
		{2D16E7A5-06A1-4CCA-96E7-CA5BB2372586}.Ad-Hoc|Any CPU.ActiveCfg = Debug|Any CPU
		{2D16E7A5-06A1-4CCA-96E7-CA5BB2372586}.Ad-Hoc|Any CPU.Build.0 = Debug|Any CPU
		{2D16E7A5-06A1-4CCA-96E7-CA5BB2372586}.Ad-Hoc|Any CPU.Deploy.0 = Debug|Any CPU
		{2D16E7A5-06A1-4CCA-96E7-CA5BB2372586}.Ad-Hoc|iPhone.ActiveCfg = Debug|Any CPU
		{2D16E7A5-06A1-4CCA-96E7-CA5BB2372586}.Ad-Hoc|iPhone.Build.0 = Debug|Any CPU
		{2D16E7A5-06A1-4CCA-96E7-CA5BB2372586}.Ad-Hoc|iPhone.Deploy.0 = Debug|Any CPU
		{2D16E7A5-06A1-4CCA-96E7-CA5BB2372586}.Ad-Hoc|iPhoneSimulator.ActiveCfg = Debug|Any CPU
		{2D16E7A5-06A1-4CCA-96E7-CA5BB2372586}.Ad-Hoc|iPhoneSimulator.Build.0 = Debug|Any CPU
		{2D16E7A5-06A1-4CCA-96E7-CA5BB2372586}.Ad-Hoc|iPhoneSimulator.Deploy.0 = Debug|Any CPU
		{2D16E7A5-06A1-4CCA-96E7-CA5BB2372586}.AppStore|Any CPU.ActiveCfg = Debug|Any CPU
		{2D16E7A5-06A1-4CCA-96E7-CA5BB2372586}.AppStore|Any CPU.Build.0 = Debug|Any CPU
		{2D16E7A5-06A1-4CCA-96E7-CA5BB2372586}.AppStore|Any CPU.Deploy.0 = Debug|Any CPU
		{2D16E7A5-06A1-4CCA-96E7-CA5BB2372586}.AppStore|iPhone.ActiveCfg = Debug|Any CPU
		{2D16E7A5-06A1-4CCA-96E7-CA5BB2372586}.AppStore|iPhone.Build.0 = Debug|Any CPU
		{2D16E7A5-06A1-4CCA-96E7-CA5BB2372586}.AppStore|iPhone.Deploy.0 = Debug|Any CPU
		{2D16E7A5-06A1-4CCA-96E7-CA5BB2372586}.AppStore|iPhoneSimulator.ActiveCfg = Debug|Any CPU
		{2D16E7A5-06A1-4CCA-96E7-CA5BB2372586}.AppStore|iPhoneSimulator.Build.0 = Debug|Any CPU
		{2D16E7A5-06A1-4CCA-96E7-CA5BB2372586}.AppStore|iPhoneSimulator.Deploy.0 = Debug|Any CPU
		{2D16E7A5-06A1-4CCA-96E7-CA5BB2372586}.Debug|Any CPU.ActiveCfg = Debug|Any CPU
		{2D16E7A5-06A1-4CCA-96E7-CA5BB2372586}.Debug|Any CPU.Build.0 = Debug|Any CPU
		{2D16E7A5-06A1-4CCA-96E7-CA5BB2372586}.Debug|Any CPU.Deploy.0 = Debug|Any CPU
		{2D16E7A5-06A1-4CCA-96E7-CA5BB2372586}.Debug|iPhone.ActiveCfg = Debug|Any CPU
		{2D16E7A5-06A1-4CCA-96E7-CA5BB2372586}.Debug|iPhone.Build.0 = Debug|Any CPU
		{2D16E7A5-06A1-4CCA-96E7-CA5BB2372586}.Debug|iPhone.Deploy.0 = Debug|Any CPU
		{2D16E7A5-06A1-4CCA-96E7-CA5BB2372586}.Debug|iPhoneSimulator.ActiveCfg = Debug|Any CPU
		{2D16E7A5-06A1-4CCA-96E7-CA5BB2372586}.Debug|iPhoneSimulator.Build.0 = Debug|Any CPU
		{2D16E7A5-06A1-4CCA-96E7-CA5BB2372586}.Debug|iPhoneSimulator.Deploy.0 = Debug|Any CPU
		{2D16E7A5-06A1-4CCA-96E7-CA5BB2372586}.Release|Any CPU.ActiveCfg = Release|Any CPU
		{2D16E7A5-06A1-4CCA-96E7-CA5BB2372586}.Release|Any CPU.Build.0 = Release|Any CPU
		{2D16E7A5-06A1-4CCA-96E7-CA5BB2372586}.Release|Any CPU.Deploy.0 = Release|Any CPU
		{2D16E7A5-06A1-4CCA-96E7-CA5BB2372586}.Release|iPhone.ActiveCfg = Release|Any CPU
		{2D16E7A5-06A1-4CCA-96E7-CA5BB2372586}.Release|iPhone.Build.0 = Release|Any CPU
		{2D16E7A5-06A1-4CCA-96E7-CA5BB2372586}.Release|iPhone.Deploy.0 = Release|Any CPU
		{2D16E7A5-06A1-4CCA-96E7-CA5BB2372586}.Release|iPhoneSimulator.ActiveCfg = Release|Any CPU
		{2D16E7A5-06A1-4CCA-96E7-CA5BB2372586}.Release|iPhoneSimulator.Build.0 = Release|Any CPU
		{2D16E7A5-06A1-4CCA-96E7-CA5BB2372586}.Release|iPhoneSimulator.Deploy.0 = Release|Any CPU
	EndGlobalSection
	GlobalSection(SolutionProperties) = preSolution
		HideSolutionNode = FALSE
	EndGlobalSection
	GlobalSection(ExtensibilityGlobals) = postSolution
		SolutionGuid = {4F80BE91-260A-4BA5-8C86-BE4018BF14F9}
	EndGlobalSection
EndGlobal
